
Microsoft Visual Studio Solution File, Format Version 12.00
# Visual Studio Version 17
VisualStudioVersion = 17.9.34701.34
MinimumVisualStudioVersion = 10.0.40219.1
Project("{FAE04EC0-301F-11D3-BF4B-00C04F79EFBC}") = "OnlineStore", "OnlineStore\OnlineStore.csproj", "{A287BEFD-09DE-4BA9-8AEB-F52FDAD90A54}"
EndProject
Project("{FAE04EC0-301F-11D3-BF4B-00C04F79EFBC}") = "DAL", "DAL\DAL.csproj", "{84BD78AF-EF77-4013-997E-CEBE20F1CB38}"
EndProject
Project("{FAE04EC0-301F-11D3-BF4B-00C04F79EFBC}") = "BLL", "BLL\BLL.csproj", "{F7C6AE07-0AAC-47FC-ADE3-54906F3902BF}"
EndProject
Global
	GlobalSection(SolutionConfigurationPlatforms) = preSolution
		Debug|Any CPU = Debug|Any CPU
		Release|Any CPU = Release|Any CPU
	EndGlobalSection
	GlobalSection(ProjectConfigurationPlatforms) = postSolution
		{A287BEFD-09DE-4BA9-8AEB-F52FDAD90A54}.Debug|Any CPU.ActiveCfg = Debug|Any CPU
		{A287BEFD-09DE-4BA9-8AEB-F52FDAD90A54}.Debug|Any CPU.Build.0 = Debug|Any CPU
		{A287BEFD-09DE-4BA9-8AEB-F52FDAD90A54}.Release|Any CPU.ActiveCfg = Release|Any CPU
		{A287BEFD-09DE-4BA9-8AEB-F52FDAD90A54}.Release|Any CPU.Build.0 = Release|Any CPU
		{84BD78AF-EF77-4013-997E-CEBE20F1CB38}.Debug|Any CPU.ActiveCfg = Debug|Any CPU
		{84BD78AF-EF77-4013-997E-CEBE20F1CB38}.Debug|Any CPU.Build.0 = Debug|Any CPU
		{84BD78AF-EF77-4013-997E-CEBE20F1CB38}.Release|Any CPU.ActiveCfg = Release|Any CPU
		{84BD78AF-EF77-4013-997E-CEBE20F1CB38}.Release|Any CPU.Build.0 = Release|Any CPU
		{F7C6AE07-0AAC-47FC-ADE3-54906F3902BF}.Debug|Any CPU.ActiveCfg = Debug|Any CPU
		{F7C6AE07-0AAC-47FC-ADE3-54906F3902BF}.Debug|Any CPU.Build.0 = Debug|Any CPU
		{F7C6AE07-0AAC-47FC-ADE3-54906F3902BF}.Release|Any CPU.ActiveCfg = Release|Any CPU
		{F7C6AE07-0AAC-47FC-ADE3-54906F3902BF}.Release|Any CPU.Build.0 = Release|Any CPU
	EndGlobalSection
	GlobalSection(SolutionProperties) = preSolution
		HideSolutionNode = FALSE
	EndGlobalSection
	GlobalSection(ExtensibilityGlobals) = postSolution
		SolutionGuid = {589EF452-BD48-4908-AAE8-6676EF7FD036}
	EndGlobalSection
EndGlobal
